
Microsoft Visual Studio Solution File, Format Version 12.00
# Visual Studio Version 17
VisualStudioVersion = 17.14.36202.13 d17.14
MinimumVisualStudioVersion = 10.0.40219.1
Project("{F2A71F9B-5D33-465A-A702-920D77279786}") = "MeuAppF#", "MeuAppF#.fsproj", "{109E4FB2-053B-6088-B7F0-F80008E5F604}"
EndProject
Global
	GlobalSection(SolutionConfigurationPlatforms) = preSolution
		Debug|Any CPU = Debug|Any CPU
		Release|Any CPU = Release|Any CPU
	EndGlobalSection
	GlobalSection(ProjectConfigurationPlatforms) = postSolution
		{109E4FB2-053B-6088-B7F0-F80008E5F604}.Debug|Any CPU.ActiveCfg = Debug|Any CPU
		{109E4FB2-053B-6088-B7F0-F80008E5F604}.Debug|Any CPU.Build.0 = Debug|Any CPU
		{109E4FB2-053B-6088-B7F0-F80008E5F604}.Release|Any CPU.ActiveCfg = Release|Any CPU
		{109E4FB2-053B-6088-B7F0-F80008E5F604}.Release|Any CPU.Build.0 = Release|Any CPU
	EndGlobalSection
	GlobalSection(SolutionProperties) = preSolution
		HideSolutionNode = FALSE
	EndGlobalSection
	GlobalSection(ExtensibilityGlobals) = postSolution
		SolutionGuid = {AEF0F2F3-9E61-4A54-A844-A9F8C5407EB1}
	EndGlobalSection
EndGlobal
